// !$*UTF8*$!
{
	archiveVersion = 1;
	classes = {
	};
	objectVersion = 50;
	objects = {

/* Begin PBXBuildFile section */
		5A83B30D4E114BE0BA5EA5B8 /* Pods_flix_demo_03.framework in Frameworks */ = {isa = PBXBuildFile; fileRef = EB16A6BD907E2CEB1C239767 /* Pods_flix_demo_03.framework */; };
		D7FFD8F02140F5120047BB85 /* AppDelegate.swift in Sources */ = {isa = PBXBuildFile; fileRef = D7FFD8EF2140F5120047BB85 /* AppDelegate.swift */; };
		D7FFD8F52140F5120047BB85 /* Main.storyboard in Resources */ = {isa = PBXBuildFile; fileRef = D7FFD8F32140F5120047BB85 /* Main.storyboard */; };
		D7FFD8F72140F5120047BB85 /* Assets.xcassets in Resources */ = {isa = PBXBuildFile; fileRef = D7FFD8F62140F5120047BB85 /* Assets.xcassets */; };
		D7FFD8FA2140F5120047BB85 /* LaunchScreen.storyboard in Resources */ = {isa = PBXBuildFile; fileRef = D7FFD8F82140F5120047BB85 /* LaunchScreen.storyboard */; };
		D7FFD9022140F5BE0047BB85 /* NowPlayingViewController.swift in Sources */ = {isa = PBXBuildFile; fileRef = D7FFD9012140F5BE0047BB85 /* NowPlayingViewController.swift */; };
		D7FFD904214238A60047BB85 /* MovieCell.swift in Sources */ = {isa = PBXBuildFile; fileRef = D7FFD903214238A60047BB85 /* MovieCell.swift */; };
/* End PBXBuildFile section */

/* Begin PBXFileReference section */
		6951E2F0664CC623D56D5635 /* Pods-flix_demo_03.release.xcconfig */ = {isa = PBXFileReference; includeInIndex = 1; lastKnownFileType = text.xcconfig; name = "Pods-flix_demo_03.release.xcconfig"; path = "Pods/Target Support Files/Pods-flix_demo_03/Pods-flix_demo_03.release.xcconfig"; sourceTree = "<group>"; };
		8055E2FD860557E5622914B0 /* Pods-flix_demo_03.debug.xcconfig */ = {isa = PBXFileReference; includeInIndex = 1; lastKnownFileType = text.xcconfig; name = "Pods-flix_demo_03.debug.xcconfig"; path = "Pods/Target Support Files/Pods-flix_demo_03/Pods-flix_demo_03.debug.xcconfig"; sourceTree = "<group>"; };
		D7FFD8EC2140F5120047BB85 /* flix_demo_03.app */ = {isa = PBXFileReference; explicitFileType = wrapper.application; includeInIndex = 0; path = flix_demo_03.app; sourceTree = BUILT_PRODUCTS_DIR; };
		D7FFD8EF2140F5120047BB85 /* AppDelegate.swift */ = {isa = PBXFileReference; lastKnownFileType = sourcecode.swift; path = AppDelegate.swift; sourceTree = "<group>"; };
		D7FFD8F42140F5120047BB85 /* Base */ = {isa = PBXFileReference; lastKnownFileType = file.storyboard; name = Base; path = Base.lproj/Main.storyboard; sourceTree = "<group>"; };
		D7FFD8F62140F5120047BB85 /* Assets.xcassets */ = {isa = PBXFileReference; lastKnownFileType = folder.assetcatalog; path = Assets.xcassets; sourceTree = "<group>"; };
		D7FFD8F92140F5120047BB85 /* Base */ = {isa = PBXFileReference; lastKnownFileType = file.storyboard; name = Base; path = Base.lproj/LaunchScreen.storyboard; sourceTree = "<group>"; };
		D7FFD8FB2140F5120047BB85 /* Info.plist */ = {isa = PBXFileReference; lastKnownFileType = text.plist.xml; path = Info.plist; sourceTree = "<group>"; };
		D7FFD9012140F5BE0047BB85 /* NowPlayingViewController.swift */ = {isa = PBXFileReference; lastKnownFileType = sourcecode.swift; path = NowPlayingViewController.swift; sourceTree = "<group>"; };
		D7FFD903214238A60047BB85 /* MovieCell.swift */ = {isa = PBXFileReference; lastKnownFileType = sourcecode.swift; path = MovieCell.swift; sourceTree = "<group>"; };
		EB16A6BD907E2CEB1C239767 /* Pods_flix_demo_03.framework */ = {isa = PBXFileReference; explicitFileType = wrapper.framework; includeInIndex = 0; path = Pods_flix_demo_03.framework; sourceTree = BUILT_PRODUCTS_DIR; };
/* End PBXFileReference section */

/* Begin PBXFrameworksBuildPhase section */
		D7FFD8E92140F5120047BB85 /* Frameworks */ = {
			isa = PBXFrameworksBuildPhase;
			buildActionMask = 2147483647;
			files = (
				5A83B30D4E114BE0BA5EA5B8 /* Pods_flix_demo_03.framework in Frameworks */,
			);
			runOnlyForDeploymentPostprocessing = 0;
		};
/* End PBXFrameworksBuildPhase section */

/* Begin PBXGroup section */
		8B1E831214F338CFA96411DE /* Pods */ = {
			isa = PBXGroup;
			children = (
				8055E2FD860557E5622914B0 /* Pods-flix_demo_03.debug.xcconfig */,
				6951E2F0664CC623D56D5635 /* Pods-flix_demo_03.release.xcconfig */,
			);
			name = Pods;
			sourceTree = "<group>";
		};
		D7FFD8E32140F5120047BB85 = {
			isa = PBXGroup;
			children = (
				D7FFD8EE2140F5120047BB85 /* flix_demo_03 */,
				D7FFD8ED2140F5120047BB85 /* Products */,
				8B1E831214F338CFA96411DE /* Pods */,
				DFD48D538921A1BD2BD9FEB9 /* Frameworks */,
			);
			sourceTree = "<group>";
		};
		D7FFD8ED2140F5120047BB85 /* Products */ = {
			isa = PBXGroup;
			children = (
				D7FFD8EC2140F5120047BB85 /* flix_demo_03.app */,
			);
			name = Products;
			sourceTree = "<group>";
		};
		D7FFD8EE2140F5120047BB85 /* flix_demo_03 */ = {
			isa = PBXGroup;
			children = (
				D7FFD8EF2140F5120047BB85 /* AppDelegate.swift */,
				D7FFD8F32140F5120047BB85 /* Main.storyboard */,
				D7FFD8F62140F5120047BB85 /* Assets.xcassets */,
				D7FFD8F82140F5120047BB85 /* LaunchScreen.storyboard */,
				D7FFD8FB2140F5120047BB85 /* Info.plist */,
				D7FFD9012140F5BE0047BB85 /* NowPlayingViewController.swift */,
				D7FFD903214238A60047BB85 /* MovieCell.swift */,
			);
			path = flix_demo_03;
			sourceTree = "<group>";
		};
		DFD48D538921A1BD2BD9FEB9 /* Frameworks */ = {
			isa = PBXGroup;
			children = (
				EB16A6BD907E2CEB1C239767 /* Pods_flix_demo_03.framework */,
			);
			name = Frameworks;
			sourceTree = "<group>";
		};
/* End PBXGroup section */

/* Begin PBXNativeTarget section */
		D7FFD8EB2140F5120047BB85 /* flix_demo_03 */ = {
			isa = PBXNativeTarget;
			buildConfigurationList = D7FFD8FE2140F5120047BB85 /* Build configuration list for PBXNativeTarget "flix_demo_03" */;
			buildPhases = (
				24FE4B5EA18CE1EFF00BAFE7 /* [CP] Check Pods Manifest.lock */,
				D7FFD8E82140F5120047BB85 /* Sources */,
				D7FFD8E92140F5120047BB85 /* Frameworks */,
				D7FFD8EA2140F5120047BB85 /* Resources */,
				576703AE85F13DCBF3CB7C20 /* [CP] Embed Pods Frameworks */,
			);
			buildRules = (
			);
			dependencies = (
			);
			name = flix_demo_03;
			productName = flix_demo_03;
			productReference = D7FFD8EC2140F5120047BB85 /* flix_demo_03.app */;
			productType = "com.apple.product-type.application";
		};
/* End PBXNativeTarget section */

/* Begin PBXProject section */
		D7FFD8E42140F5120047BB85 /* Project object */ = {
			isa = PBXProject;
			attributes = {
				LastSwiftUpdateCheck = 0940;
				LastUpgradeCheck = 0940;
				ORGANIZATIONNAME = TolgaTelseren;
				TargetAttributes = {
					D7FFD8EB2140F5120047BB85 = {
						CreatedOnToolsVersion = 9.4.1;
					};
				};
			};
			buildConfigurationList = D7FFD8E72140F5120047BB85 /* Build configuration list for PBXProject "flix_demo_03" */;
			compatibilityVersion = "Xcode 9.3";
			developmentRegion = en;
			hasScannedForEncodings = 0;
			knownRegions = (
				en,
				Base,
			);
			mainGroup = D7FFD8E32140F5120047BB85;
			productRefGroup = D7FFD8ED2140F5120047BB85 /* Products */;
			projectDirPath = "";
			projectRoot = "";
			targets = (
				D7FFD8EB2140F5120047BB85 /* flix_demo_03 */,
			);
		};
/* End PBXProject section */

/* Begin PBXResourcesBuildPhase section */
		D7FFD8EA2140F5120047BB85 /* Resources */ = {
			isa = PBXResourcesBuildPhase;
			buildActionMask = 2147483647;
			files = (
				D7FFD8FA2140F5120047BB85 /* LaunchScreen.storyboard in Resources */,
				D7FFD8F72140F5120047BB85 /* Assets.xcassets in Resources */,
				D7FFD8F52140F5120047BB85 /* Main.storyboard in Resources */,
			);
			runOnlyForDeploymentPostprocessing = 0;
		};
/* End PBXResourcesBuildPhase section */

/* Begin PBXShellScriptBuildPhase section */
		24FE4B5EA18CE1EFF00BAFE7 /* [CP] Check Pods Manifest.lock */ = {
			isa = PBXShellScriptBuildPhase;
			buildActionMask = 2147483647;
			files = (
			);
			inputFileListPaths = (
			);
			inputPaths = (
				"${PODS_PODFILE_DIR_PATH}/Podfile.lock",
				"${PODS_ROOT}/Manifest.lock",
			);
			name = "[CP] Check Pods Manifest.lock";
			outputFileListPaths = (
			);
			outputPaths = (
				"$(DERIVED_FILE_DIR)/Pods-flix_demo_03-checkManifestLockResult.txt",
			);
			runOnlyForDeploymentPostprocessing = 0;
			shellPath = /bin/sh;
			shellScript = "diff \"${PODS_PODFILE_DIR_PATH}/Podfile.lock\" \"${PODS_ROOT}/Manifest.lock\" > /dev/null\nif [ $? != 0 ] ; then\n    # print error to STDERR\n    echo \"error: The sandbox is not in sync with the Podfile.lock. Run 'pod install' or update your CocoaPods installation.\" >&2\n    exit 1\nfi\n# This output is used by Xcode 'outputs' to avoid re-running this script phase.\necho \"SUCCESS\" > \"${SCRIPT_OUTPUT_FILE_0}\"\n";
			showEnvVarsInLog = 0;
		};
		576703AE85F13DCBF3CB7C20 /* [CP] Embed Pods Frameworks */ = {
			isa = PBXShellScriptBuildPhase;
			buildActionMask = 2147483647;
			files = (
			);
			inputFileListPaths = (
			);
			inputPaths = (
				"${SRCROOT}/Pods/Target Support Files/Pods-flix_demo_03/Pods-flix_demo_03-frameworks.sh",
				"${BUILT_PRODUCTS_DIR}/Alamofire/Alamofire.framework",
				"${BUILT_PRODUCTS_DIR}/AlamofireImage/AlamofireImage.framework",
			);
			name = "[CP] Embed Pods Frameworks";
			outputFileListPaths = (
			);
			outputPaths = (
				"${TARGET_BUILD_DIR}/${FRAMEWORKS_FOLDER_PATH}/Alamofire.framework",
				"${TARGET_BUILD_DIR}/${FRAMEWORKS_FOLDER_PATH}/AlamofireImage.framework",
			);
			runOnlyForDeploymentPostprocessing = 0;
			shellPath = /bin/sh;
			shellScript = "\"${SRCROOT}/Pods/Target Support Files/Pods-flix_demo_03/Pods-flix_demo_03-frameworks.sh\"\n";
			showEnvVarsInLog = 0;
		};
/* End PBXShellScriptBuildPhase section */

/* Begin PBXSourcesBuildPhase section */
		D7FFD8E82140F5120047BB85 /* Sources */ = {
			isa = PBXSourcesBuildPhase;
			buildActionMask = 2147483647;
			files = (
				D7FFD9022140F5BE0047BB85 /* NowPlayingViewController.swift in Sources */,
				D7FFD8F02140F5120047BB85 /* AppDelegate.swift in Sources */,
				D7FFD904214238A60047BB85 /* MovieCell.swift in Sources */,
			);
			runOnlyForDeploymentPostprocessing = 0;
		};
/* End PBXSourcesBuildPhase section */

/* Begin PBXVariantGroup section */
		D7FFD8F32140F5120047BB85 /* Main.storyboard */ = {
			isa = PBXVariantGroup;
			children = (
				D7FFD8F42140F5120047BB85 /* Base */,
			);
			name = Main.storyboard;
			sourceTree = "<group>";
		};
		D7FFD8F82140F5120047BB85 /* LaunchScreen.storyboard */ = {
			isa = PBXVariantGroup;
			children = (
				D7FFD8F92140F5120047BB85 /* Base */,
			);
			name = LaunchScreen.storyboard;
			sourceTree = "<group>";
		};
/* End PBXVariantGroup section */

/* Begin XCBuildConfiguration section */
		D7FFD8FC2140F5120047BB85 /* Debug */ = {
			isa = XCBuildConfiguration;
			buildSettings = {
				ALWAYS_SEARCH_USER_PATHS = NO;
				CLANG_ANALYZER_NONNULL = YES;
				CLANG_ANALYZER_NUMBER_OBJECT_CONVERSION = YES_AGGRESSIVE;
				CLANG_CXX_LANGUAGE_STANDARD = "gnu++14";
				CLANG_CXX_LIBRARY = "libc++";
				CLANG_ENABLE_MODULES = YES;
				CLANG_ENABLE_OBJC_ARC = YES;
				CLANG_ENABLE_OBJC_WEAK = YES;
				CLANG_WARN_BLOCK_CAPTURE_AUTORELEASING = YES;
				CLANG_WARN_BOOL_CONVERSION = YES;
				CLANG_WARN_COMMA = YES;
				CLANG_WARN_CONSTANT_CONVERSION = YES;
				CLANG_WARN_DEPRECATED_OBJC_IMPLEMENTATIONS = YES;
				CLANG_WARN_DIRECT_OBJC_ISA_USAGE = YES_ERROR;
				CLANG_WARN_DOCUMENTATION_COMMENTS = YES;
				CLANG_WARN_EMPTY_BODY = YES;
				CLANG_WARN_ENUM_CONVERSION = YES;
				CLANG_WARN_INFINITE_RECURSION = YES;
				CLANG_WARN_INT_CONVERSION = YES;
				CLANG_WARN_NON_LITERAL_NULL_CONVERSION = YES;
				CLANG_WARN_OBJC_IMPLICIT_RETAIN_SELF = YES;
				CLANG_WARN_OBJC_LITERAL_CONVERSION = YES;
				CLANG_WARN_OBJC_ROOT_CLASS = YES_ERROR;
				CLANG_WARN_RANGE_LOOP_ANALYSIS = YES;
				CLANG_WARN_STRICT_PROTOTYPES = YES;
				CLANG_WARN_SUSPICIOUS_MOVE = YES;
				CLANG_WARN_UNGUARDED_AVAILABILITY = YES_AGGRESSIVE;
				CLANG_WARN_UNREACHABLE_CODE = YES;
				CLANG_WARN__DUPLICATE_METHOD_MATCH = YES;
				CODE_SIGN_IDENTITY = "iPhone Developer";
				COPY_PHASE_STRIP = NO;
				DEBUG_INFORMATION_FORMAT = dwarf;
				ENABLE_STRICT_OBJC_MSGSEND = YES;
				ENABLE_TESTABILITY = YES;
				GCC_C_LANGUAGE_STANDARD = gnu11;
				GCC_DYNAMIC_NO_PIC = NO;
				GCC_NO_COMMON_BLOCKS = YES;
				GCC_OPTIMIZATION_LEVEL = 0;
				GCC_PREPROCESSOR_DEFINITIONS = (
					"DEBUG=1",
					"$(inherited)",
				);
				GCC_WARN_64_TO_32_BIT_CONVERSION = YES;
				GCC_WARN_ABOUT_RETURN_TYPE = YES_ERROR;
				GCC_WARN_UNDECLARED_SELECTOR = YES;
				GCC_WARN_UNINITIALIZED_AUTOS = YES_AGGRESSIVE;
				GCC_WARN_UNUSED_FUNCTION = YES;
				GCC_WARN_UNUSED_VARIABLE = YES;
				IPHONEOS_DEPLOYMENT_TARGET = 11.4;
				MTL_ENABLE_DEBUG_INFO = YES;
				ONLY_ACTIVE_ARCH = YES;
				SDKROOT = iphoneos;
				SWIFT_ACTIVE_COMPILATION_CONDITIONS = DEBUG;
				SWIFT_OPTIMIZATION_LEVEL = "-Onone";
			};
			name = Debug;
		};
		D7FFD8FD2140F5120047BB85 /* Release */ = {
			isa = XCBuildConfiguration;
			buildSettings = {
				ALWAYS_SEARCH_USER_PATHS = NO;
				CLANG_ANALYZER_NONNULL = YES;
				CLANG_ANALYZER_NUMBER_OBJECT_CONVERSION = YES_AGGRESSIVE;
				CLANG_CXX_LANGUAGE_STANDARD = "gnu++14";
				CLANG_CXX_LIBRARY = "libc++";
				CLANG_ENABLE_MODULES = YES;
				CLANG_ENABLE_OBJC_ARC = YES;
				CLANG_ENABLE_OBJC_WEAK = YES;
				CLANG_WARN_BLOCK_CAPTURE_AUTORELEASING = YES;
				CLANG_WARN_BOOL_CONVERSION = YES;
				CLANG_WARN_COMMA = YES;
				CLANG_WARN_CONSTANT_CONVERSION = YES;
				CLANG_WARN_DEPRECATED_OBJC_IMPLEMENTATIONS = YES;
				CLANG_WARN_DIRECT_OBJC_ISA_USAGE = YES_ERROR;
				CLANG_WARN_DOCUMENTATION_COMMENTS = YES;
				CLANG_WARN_EMPTY_BODY = YES;
				CLANG_WARN_ENUM_CONVERSION = YES;
				CLANG_WARN_INFINITE_RECURSION = YES;
				CLANG_WARN_INT_CONVERSION = YES;
				CLANG_WARN_NON_LITERAL_NULL_CONVERSION = YES;
				CLANG_WARN_OBJC_IMPLICIT_RETAIN_SELF = YES;
				CLANG_WARN_OBJC_LITERAL_CONVERSION = YES;
				CLANG_WARN_OBJC_ROOT_CLASS = YES_ERROR;
				CLANG_WARN_RANGE_LOOP_ANALYSIS = YES;
				CLANG_WARN_STRICT_PROTOTYPES = YES;
				CLANG_WARN_SUSPICIOUS_MOVE = YES;
				CLANG_WARN_UNGUARDED_AVAILABILITY = YES_AGGRESSIVE;
				CLANG_WARN_UNREACHABLE_CODE = YES;
				CLANG_WARN__DUPLICATE_METHOD_MATCH = YES;
				CODE_SIGN_IDENTITY = "iPhone Developer";
				COPY_PHASE_STRIP = NO;
				DEBUG_INFORMATION_FORMAT = "dwarf-with-dsym";
				ENABLE_NS_ASSERTIONS = NO;
				ENABLE_STRICT_OBJC_MSGSEND = YES;
				GCC_C_LANGUAGE_STANDARD = gnu11;
				GCC_NO_COMMON_BLOCKS = YES;
				GCC_WARN_64_TO_32_BIT_CONVERSION = YES;
				GCC_WARN_ABOUT_RETURN_TYPE = YES_ERROR;
				GCC_WARN_UNDECLARED_SELECTOR = YES;
				GCC_WARN_UNINITIALIZED_AUTOS = YES_AGGRESSIVE;
				GCC_WARN_UNUSED_FUNCTION = YES;
				GCC_WARN_UNUSED_VARIABLE = YES;
				IPHONEOS_DEPLOYMENT_TARGET = 11.4;
				MTL_ENABLE_DEBUG_INFO = NO;
				SDKROOT = iphoneos;
				SWIFT_COMPILATION_MODE = wholemodule;
				SWIFT_OPTIMIZATION_LEVEL = "-O";
				VALIDATE_PRODUCT = YES;
			};
			name = Release;
		};
		D7FFD8FF2140F5120047BB85 /* Debug */ = {
			isa = XCBuildConfiguration;
			baseConfigurationReference = 8055E2FD860557E5622914B0 /* Pods-flix_demo_03.debug.xcconfig */;
			buildSettings = {
				ASSETCATALOG_COMPILER_APPICON_NAME = AppIcon;
				CODE_SIGN_STYLE = Automatic;
				DEVELOPMENT_TEAM = 9H6JZ85CK8;
				INFOPLIST_FILE = flix_demo_03/Info.plist;
				LD_RUNPATH_SEARCH_PATHS = (
					"$(inherited)",
					"@executable_path/Frameworks",
				);
				PRODUCT_BUNDLE_IDENTIFIER = "com.tolgatelseren.flix-demo-03";
				PRODUCT_NAME = "$(TARGET_NAME)";
				SWIFT_VERSION = 4.0;
				TARGETED_DEVICE_FAMILY = "1,2";
			};
			name = Debug;
		};
		D7FFD9002140F5120047BB85 /* Release */ = {
			isa = XCBuildConfiguration;
			baseConfigurationReference = 6951E2F0664CC623D56D5635 /* Pods-flix_demo_03.release.xcconfig */;
			buildSettings = {
				ASSETCATALOG_COMPILER_APPICON_NAME = AppIcon;
				CODE_SIGN_STYLE = Automatic;
				DEVELOPMENT_TEAM = 9H6JZ85CK8;
				INFOPLIST_FILE = flix_demo_03/Info.plist;
				LD_RUNPATH_SEARCH_PATHS = (
					"$(inherited)",
					"@executable_path/Frameworks",
				);
				PRODUCT_BUNDLE_IDENTIFIER = "com.tolgatelseren.flix-demo-03";
				PRODUCT_NAME = "$(TARGET_NAME)";
				SWIFT_VERSION = 4.0;
				TARGETED_DEVICE_FAMILY = "1,2";
			};
			name = Release;
		};
/* End XCBuildConfiguration section */

/* Begin XCConfigurationList section */
		D7FFD8E72140F5120047BB85 /* Build configuration list for PBXProject "flix_demo_03" */ = {
			isa = XCConfigurationList;
			buildConfigurations = (
				D7FFD8FC2140F5120047BB85 /* Debug */,
				D7FFD8FD2140F5120047BB85 /* Release */,
			);
			defaultConfigurationIsVisible = 0;
			defaultConfigurationName = Release;
		};
		D7FFD8FE2140F5120047BB85 /* Build configuration list for PBXNativeTarget "flix_demo_03" */ = {
			isa = XCConfigurationList;
			buildConfigurations = (
				D7FFD8FF2140F5120047BB85 /* Debug */,
				D7FFD9002140F5120047BB85 /* Release */,
			);
			defaultConfigurationIsVisible = 0;
			defaultConfigurationName = Release;
		};
/* End XCConfigurationList section */
	};
	rootObject = D7FFD8E42140F5120047BB85 /* Project object */;
}
